
Microsoft Visual Studio Solution File, Format Version 12.00
# Visual Studio Version 16
VisualStudioVersion = 16.0.30011.22
MinimumVisualStudioVersion = 10.0.40219.1
Project("{8BC9CEB8-8B4A-11D0-8D11-00A0C91BC942}") = "geomFiguren", "geomFiguren\geomFiguren.vcxproj", "{F42C3CD7-D8E8-4B77-BA5B-4102A2CCD160}"
EndProject
Global
	GlobalSection(SolutionConfigurationPlatforms) = preSolution
		Debug|x64 = Debug|x64
		Debug|x86 = Debug|x86
		Release|x64 = Release|x64
		Release|x86 = Release|x86
	EndGlobalSection
	GlobalSection(ProjectConfigurationPlatforms) = postSolution
		{F42C3CD7-D8E8-4B77-BA5B-4102A2CCD160}.Debug|x64.ActiveCfg = Debug|x64
		{F42C3CD7-D8E8-4B77-BA5B-4102A2CCD160}.Debug|x64.Build.0 = Debug|x64
		{F42C3CD7-D8E8-4B77-BA5B-4102A2CCD160}.Debug|x86.ActiveCfg = Debug|Win32
		{F42C3CD7-D8E8-4B77-BA5B-4102A2CCD160}.Debug|x86.Build.0 = Debug|Win32
		{F42C3CD7-D8E8-4B77-BA5B-4102A2CCD160}.Release|x64.ActiveCfg = Release|x64
		{F42C3CD7-D8E8-4B77-BA5B-4102A2CCD160}.Release|x64.Build.0 = Release|x64
		{F42C3CD7-D8E8-4B77-BA5B-4102A2CCD160}.Release|x86.ActiveCfg = Release|Win32
		{F42C3CD7-D8E8-4B77-BA5B-4102A2CCD160}.Release|x86.Build.0 = Release|Win32
	EndGlobalSection
	GlobalSection(SolutionProperties) = preSolution
		HideSolutionNode = FALSE
	EndGlobalSection
	GlobalSection(ExtensibilityGlobals) = postSolution
		SolutionGuid = {42C8A15B-E06B-4DE3-BB73-3C4BD96E0470}
	EndGlobalSection
EndGlobal
